// !$*UTF8*$!
{
	archiveVersion = 1;
	classes = {
	};
	objectVersion = 50;
	objects = {

/* Begin PBXBuildFile section */
		DA4677382657976A0089BBD8 /* glad.c in Sources */ = {isa = PBXBuildFile; fileRef = DA4677372657976A0089BBD8 /* glad.c */; };
		DA46777D2657DEFD0089BBD8 /* main_obj.fs in Sources */ = {isa = PBXBuildFile; fileRef = DA46777C2657DEFD0089BBD8 /* main_obj.fs */; };
		DA65056B25431F3D00076375 /* OpenGL.framework in Frameworks */ = {isa = PBXBuildFile; fileRef = DA65056A25431F3D00076375 /* OpenGL.framework */; };
		DA65056D25431F8500076375 /* libGLEW.2.1.0.dylib in Frameworks */ = {isa = PBXBuildFile; fileRef = DA65056C25431F8500076375 /* libGLEW.2.1.0.dylib */; };
		DA65056E25431F8500076375 /* libGLEW.2.1.0.dylib in Embed Libraries */ = {isa = PBXBuildFile; fileRef = DA65056C25431F8500076375 /* libGLEW.2.1.0.dylib */; settings = {ATTRIBUTES = (CodeSignOnCopy, ); }; };
		DA65057125431FB400076375 /* libglfw.3.3.dylib in Frameworks */ = {isa = PBXBuildFile; fileRef = DA65057025431FB400076375 /* libglfw.3.3.dylib */; };
		DA65057225431FB400076375 /* libglfw.3.3.dylib in Embed Libraries */ = {isa = PBXBuildFile; fileRef = DA65057025431FB400076375 /* libglfw.3.3.dylib */; settings = {ATTRIBUTES = (CodeSignOnCopy, ); }; };
		DAB0214A2667A9E7008A9CE5 /* 2_blend.cpp in Sources */ = {isa = PBXBuildFile; fileRef = DAB021492667A9E7008A9CE5 /* 2_blend.cpp */; };
/* End PBXBuildFile section */

/* Begin PBXCopyFilesBuildPhase section */
		DA65055D25431ADC00076375 /* Copy Files */ = {
			isa = PBXCopyFilesBuildPhase;
			buildActionMask = 2147483647;
			dstPath = /usr/share/man/man1/;
			dstSubfolderSpec = 0;
			files = (
			);
			name = "Copy Files";
			runOnlyForDeploymentPostprocessing = 1;
		};
		DA65056F25431F8500076375 /* Embed Libraries */ = {
			isa = PBXCopyFilesBuildPhase;
			buildActionMask = 2147483647;
			dstPath = "";
			dstSubfolderSpec = 10;
			files = (
				DA65057225431FB400076375 /* libglfw.3.3.dylib in Embed Libraries */,
				DA65056E25431F8500076375 /* libGLEW.2.1.0.dylib in Embed Libraries */,
			);
			name = "Embed Libraries";
			runOnlyForDeploymentPostprocessing = 0;
		};
/* End PBXCopyFilesBuildPhase section */

/* Begin PBXFileReference section */
		DA4677372657976A0089BBD8 /* glad.c */ = {isa = PBXFileReference; fileEncoding = 4; lastKnownFileType = sourcecode.c.c; path = glad.c; sourceTree = "<group>"; };
		DA46777B2657DE020089BBD8 /* main_obj.vs */ = {isa = PBXFileReference; lastKnownFileType = sourcecode.glsl; path = main_obj.vs; sourceTree = "<group>"; };
		DA46777C2657DEFD0089BBD8 /* main_obj.fs */ = {isa = PBXFileReference; lastKnownFileType = sourcecode.glsl; path = main_obj.fs; sourceTree = "<group>"; };
		DA46777E265801990089BBD8 /* container.jpg */ = {isa = PBXFileReference; lastKnownFileType = image.jpeg; path = container.jpg; sourceTree = "<group>"; };
		DA46777F26592EBF0089BBD8 /* girl.jpg */ = {isa = PBXFileReference; lastKnownFileType = image.jpeg; path = girl.jpg; sourceTree = "<group>"; };
		DA467780265E1C6E0089BBD8 /* lightCube.fs */ = {isa = PBXFileReference; lastKnownFileType = sourcecode.glsl; path = lightCube.fs; sourceTree = "<group>"; };
		DA467795265FC89D0089BBD8 /* container2.png */ = {isa = PBXFileReference; lastKnownFileType = image.png; path = container2.png; sourceTree = "<group>"; };
		DA467796265FCE4E0089BBD8 /* container2_specular.png */ = {isa = PBXFileReference; lastKnownFileType = image.png; path = container2_specular.png; sourceTree = "<group>"; };
		DA467797265FDDE90089BBD8 /* lighting_maps_specular_color.png */ = {isa = PBXFileReference; lastKnownFileType = image.png; path = lighting_maps_specular_color.png; sourceTree = "<group>"; };
		DA467798265FDEB20089BBD8 /* matrix.jpg */ = {isa = PBXFileReference; lastKnownFileType = image.jpeg; path = matrix.jpg; sourceTree = "<group>"; };
		DA65055F25431ADC00076375 /* LClearnOpengl */ = {isa = PBXFileReference; explicitFileType = "compiled.mach-o.executable"; includeInIndex = 0; path = LClearnOpengl; sourceTree = BUILT_PRODUCTS_DIR; };
		DA65056A25431F3D00076375 /* OpenGL.framework */ = {isa = PBXFileReference; lastKnownFileType = wrapper.framework; name = OpenGL.framework; path = System/Library/Frameworks/OpenGL.framework; sourceTree = SDKROOT; };
		DA65056C25431F8500076375 /* libGLEW.2.1.0.dylib */ = {isa = PBXFileReference; lastKnownFileType = "compiled.mach-o.dylib"; name = libGLEW.2.1.0.dylib; path = /Users/lichun/Documents/06_LearnOpenGL/texture/../../../../../usr/local/Cellar/glew/2.1.0_1/lib/libGLEW.2.1.0.dylib; sourceTree = "<absolute>"; };
		DA65057025431FB400076375 /* libglfw.3.3.dylib */ = {isa = PBXFileReference; lastKnownFileType = "compiled.mach-o.dylib"; name = libglfw.3.3.dylib; path = /Users/lichun/Documents/06_LearnOpenGL/texture/../../../../../usr/local/Cellar/glfw/3.3.2/lib/libglfw.3.3.dylib; sourceTree = "<absolute>"; };
		DA6505752546FF5F00076375 /* stb_image.h */ = {isa = PBXFileReference; fileEncoding = 4; lastKnownFileType = sourcecode.c.h; path = stb_image.h; sourceTree = "<group>"; };
		DA65057D254710FC00076375 /* awesomeface.png */ = {isa = PBXFileReference; lastKnownFileType = image.png; path = awesomeface.png; sourceTree = "<group>"; };
		DAB0214626666BBF008A9CE5 /* metal.png */ = {isa = PBXFileReference; lastKnownFileType = image.png; path = metal.png; sourceTree = "<group>"; };
		DAB0214726666BBF008A9CE5 /* marble.jpg */ = {isa = PBXFileReference; lastKnownFileType = image.jpeg; path = marble.jpg; sourceTree = "<group>"; };
		DAB0214826672DA5008A9CE5 /* shaderSingleColor.fs */ = {isa = PBXFileReference; lastKnownFileType = sourcecode.glsl; path = shaderSingleColor.fs; sourceTree = "<group>"; };
		DAB021492667A9E7008A9CE5 /* 2_blend.cpp */ = {isa = PBXFileReference; lastKnownFileType = sourcecode.cpp.cpp; path = 2_blend.cpp; sourceTree = "<group>"; };
		DAB0214B2667B77F008A9CE5 /* blending_transparent_window.png */ = {isa = PBXFileReference; lastKnownFileType = image.png; path = blending_transparent_window.png; sourceTree = "<group>"; };
/* End PBXFileReference section */

/* Begin PBXFrameworksBuildPhase section */
		DA65055C25431ADC00076375 /* Frameworks */ = {
			isa = PBXFrameworksBuildPhase;
			buildActionMask = 2147483647;
			files = (
				DA65057125431FB400076375 /* libglfw.3.3.dylib in Frameworks */,
				DA65056D25431F8500076375 /* libGLEW.2.1.0.dylib in Frameworks */,
				DA65056B25431F3D00076375 /* OpenGL.framework in Frameworks */,
			);
			runOnlyForDeploymentPostprocessing = 0;
		};
/* End PBXFrameworksBuildPhase section */

/* Begin PBXGroup section */
		DA65055625431ADC00076375 = {
			isa = PBXGroup;
			children = (
				DA65056125431ADC00076375 /* LClearnOpengl */,
				DA65056025431ADC00076375 /* Products */,
				DA65056925431F3D00076375 /* Frameworks */,
			);
			sourceTree = "<group>";
		};
		DA65056025431ADC00076375 /* Products */ = {
			isa = PBXGroup;
			children = (
				DA65055F25431ADC00076375 /* LClearnOpengl */,
			);
			name = Products;
			sourceTree = "<group>";
		};
		DA65056125431ADC00076375 /* LClearnOpengl */ = {
			isa = PBXGroup;
			children = (
				DA4677372657976A0089BBD8 /* glad.c */,
				DA65057D254710FC00076375 /* awesomeface.png */,
				DA46777B2657DE020089BBD8 /* main_obj.vs */,
				DA467780265E1C6E0089BBD8 /* lightCube.fs */,
				DA467795265FC89D0089BBD8 /* container2.png */,
				DA467798265FDEB20089BBD8 /* matrix.jpg */,
				DA46777F26592EBF0089BBD8 /* girl.jpg */,
				DA46777C2657DEFD0089BBD8 /* main_obj.fs */,
				DAB0214826672DA5008A9CE5 /* shaderSingleColor.fs */,
				DA46777E265801990089BBD8 /* container.jpg */,
				DAB0214726666BBF008A9CE5 /* marble.jpg */,
				DAB021492667A9E7008A9CE5 /* 2_blend.cpp */,
				DAB0214626666BBF008A9CE5 /* metal.png */,
				DAB0214B2667B77F008A9CE5 /* blending_transparent_window.png */,
				DA467796265FCE4E0089BBD8 /* container2_specular.png */,
				DA467797265FDDE90089BBD8 /* lighting_maps_specular_color.png */,
				DA6505752546FF5F00076375 /* stb_image.h */,
			);
			path = LClearnOpengl;
			sourceTree = "<group>";
		};
		DA65056925431F3D00076375 /* Frameworks */ = {
			isa = PBXGroup;
			children = (
				DA65057025431FB400076375 /* libglfw.3.3.dylib */,
				DA65056C25431F8500076375 /* libGLEW.2.1.0.dylib */,
				DA65056A25431F3D00076375 /* OpenGL.framework */,
			);
			name = Frameworks;
			sourceTree = "<group>";
		};
/* End PBXGroup section */

/* Begin PBXNativeTarget section */
		DA65055E25431ADC00076375 /* LClearnOpengl */ = {
			isa = PBXNativeTarget;
			buildConfigurationList = DA65056625431ADC00076375 /* Build configuration list for PBXNativeTarget "LClearnOpengl" */;
			buildPhases = (
				DA65055B25431ADC00076375 /* Sources */,
				DA65055C25431ADC00076375 /* Frameworks */,
				DA65055D25431ADC00076375 /* Copy Files */,
				DA65056F25431F8500076375 /* Embed Libraries */,
			);
			buildRules = (
			);
			dependencies = (
			);
			name = LClearnOpengl;
			productName = LClearnOpengl;
			productReference = DA65055F25431ADC00076375 /* LClearnOpengl */;
			productType = "com.apple.product-type.tool";
		};
/* End PBXNativeTarget section */

/* Begin PBXProject section */
		DA65055725431ADC00076375 /* Project object */ = {
			isa = PBXProject;
			attributes = {
				LastUpgradeCheck = 1100;
				ORGANIZATIONNAME = "李春";
				TargetAttributes = {
					DA65055E25431ADC00076375 = {
						CreatedOnToolsVersion = 11.0;
					};
				};
			};
			buildConfigurationList = DA65055A25431ADC00076375 /* Build configuration list for PBXProject "LClearnOpengl" */;
			compatibilityVersion = "Xcode 9.3";
			developmentRegion = en;
			hasScannedForEncodings = 0;
			knownRegions = (
				en,
				Base,
			);
			mainGroup = DA65055625431ADC00076375;
			productRefGroup = DA65056025431ADC00076375 /* Products */;
			projectDirPath = "";
			projectRoot = "";
			targets = (
				DA65055E25431ADC00076375 /* LClearnOpengl */,
			);
		};
/* End PBXProject section */

/* Begin PBXSourcesBuildPhase section */
		DA65055B25431ADC00076375 /* Sources */ = {
			isa = PBXSourcesBuildPhase;
			buildActionMask = 2147483647;
			files = (
				DA4677382657976A0089BBD8 /* glad.c in Sources */,
				DAB0214A2667A9E7008A9CE5 /* 2_blend.cpp in Sources */,
				DA46777D2657DEFD0089BBD8 /* main_obj.fs in Sources */,
			);
			runOnlyForDeploymentPostprocessing = 0;
		};
/* End PBXSourcesBuildPhase section */

/* Begin XCBuildConfiguration section */
		DA65056425431ADC00076375 /* Debug */ = {
			isa = XCBuildConfiguration;
			buildSettings = {
				ALWAYS_SEARCH_USER_PATHS = NO;
				CLANG_ANALYZER_NONNULL = YES;
				CLANG_ANALYZER_NUMBER_OBJECT_CONVERSION = YES_AGGRESSIVE;
				CLANG_CXX_LANGUAGE_STANDARD = "gnu++14";
				CLANG_CXX_LIBRARY = "libc++";
				CLANG_ENABLE_MODULES = YES;
				CLANG_ENABLE_OBJC_ARC = YES;
				CLANG_ENABLE_OBJC_WEAK = YES;
				CLANG_WARN_BLOCK_CAPTURE_AUTORELEASING = YES;
				CLANG_WARN_BOOL_CONVERSION = YES;
				CLANG_WARN_COMMA = YES;
				CLANG_WARN_CONSTANT_CONVERSION = YES;
				CLANG_WARN_DEPRECATED_OBJC_IMPLEMENTATIONS = YES;
				CLANG_WARN_DIRECT_OBJC_ISA_USAGE = YES_ERROR;
				CLANG_WARN_DOCUMENTATION_COMMENTS = YES;
				CLANG_WARN_EMPTY_BODY = YES;
				CLANG_WARN_ENUM_CONVERSION = YES;
				CLANG_WARN_INFINITE_RECURSION = YES;
				CLANG_WARN_INT_CONVERSION = YES;
				CLANG_WARN_NON_LITERAL_NULL_CONVERSION = YES;
				CLANG_WARN_OBJC_IMPLICIT_RETAIN_SELF = YES;
				CLANG_WARN_OBJC_LITERAL_CONVERSION = YES;
				CLANG_WARN_OBJC_ROOT_CLASS = YES_ERROR;
				CLANG_WARN_RANGE_LOOP_ANALYSIS = YES;
				CLANG_WARN_STRICT_PROTOTYPES = YES;
				CLANG_WARN_SUSPICIOUS_MOVE = YES;
				CLANG_WARN_UNGUARDED_AVAILABILITY = YES_AGGRESSIVE;
				CLANG_WARN_UNREACHABLE_CODE = YES;
				CLANG_WARN__DUPLICATE_METHOD_MATCH = YES;
				COPY_PHASE_STRIP = NO;
				DEBUG_INFORMATION_FORMAT = dwarf;
				ENABLE_STRICT_OBJC_MSGSEND = YES;
				ENABLE_TESTABILITY = YES;
				GCC_C_LANGUAGE_STANDARD = gnu11;
				GCC_DYNAMIC_NO_PIC = NO;
				GCC_NO_COMMON_BLOCKS = YES;
				GCC_OPTIMIZATION_LEVEL = 0;
				GCC_PREPROCESSOR_DEFINITIONS = (
					"DEBUG=1",
					"$(inherited)",
				);
				GCC_WARN_64_TO_32_BIT_CONVERSION = YES;
				GCC_WARN_ABOUT_RETURN_TYPE = YES_ERROR;
				GCC_WARN_UNDECLARED_SELECTOR = YES;
				GCC_WARN_UNINITIALIZED_AUTOS = YES_AGGRESSIVE;
				GCC_WARN_UNUSED_FUNCTION = YES;
				GCC_WARN_UNUSED_VARIABLE = YES;
				MACOSX_DEPLOYMENT_TARGET = 10.14;
				MTL_ENABLE_DEBUG_INFO = INCLUDE_SOURCE;
				MTL_FAST_MATH = YES;
				ONLY_ACTIVE_ARCH = YES;
				SDKROOT = macosx;
			};
			name = Debug;
		};
		DA65056525431ADC00076375 /* Release */ = {
			isa = XCBuildConfiguration;
			buildSettings = {
				ALWAYS_SEARCH_USER_PATHS = NO;
				CLANG_ANALYZER_NONNULL = YES;
				CLANG_ANALYZER_NUMBER_OBJECT_CONVERSION = YES_AGGRESSIVE;
				CLANG_CXX_LANGUAGE_STANDARD = "gnu++14";
				CLANG_CXX_LIBRARY = "libc++";
				CLANG_ENABLE_MODULES = YES;
				CLANG_ENABLE_OBJC_ARC = YES;
				CLANG_ENABLE_OBJC_WEAK = YES;
				CLANG_WARN_BLOCK_CAPTURE_AUTORELEASING = YES;
				CLANG_WARN_BOOL_CONVERSION = YES;
				CLANG_WARN_COMMA = YES;
				CLANG_WARN_CONSTANT_CONVERSION = YES;
				CLANG_WARN_DEPRECATED_OBJC_IMPLEMENTATIONS = YES;
				CLANG_WARN_DIRECT_OBJC_ISA_USAGE = YES_ERROR;
				CLANG_WARN_DOCUMENTATION_COMMENTS = YES;
				CLANG_WARN_EMPTY_BODY = YES;
				CLANG_WARN_ENUM_CONVERSION = YES;
				CLANG_WARN_INFINITE_RECURSION = YES;
				CLANG_WARN_INT_CONVERSION = YES;
				CLANG_WARN_NON_LITERAL_NULL_CONVERSION = YES;
				CLANG_WARN_OBJC_IMPLICIT_RETAIN_SELF = YES;
				CLANG_WARN_OBJC_LITERAL_CONVERSION = YES;
				CLANG_WARN_OBJC_ROOT_CLASS = YES_ERROR;
				CLANG_WARN_RANGE_LOOP_ANALYSIS = YES;
				CLANG_WARN_STRICT_PROTOTYPES = YES;
				CLANG_WARN_SUSPICIOUS_MOVE = YES;
				CLANG_WARN_UNGUARDED_AVAILABILITY = YES_AGGRESSIVE;
				CLANG_WARN_UNREACHABLE_CODE = YES;
				CLANG_WARN__DUPLICATE_METHOD_MATCH = YES;
				COPY_PHASE_STRIP = NO;
				DEBUG_INFORMATION_FORMAT = "dwarf-with-dsym";
				ENABLE_NS_ASSERTIONS = NO;
				ENABLE_STRICT_OBJC_MSGSEND = YES;
				GCC_C_LANGUAGE_STANDARD = gnu11;
				GCC_NO_COMMON_BLOCKS = YES;
				GCC_WARN_64_TO_32_BIT_CONVERSION = YES;
				GCC_WARN_ABOUT_RETURN_TYPE = YES_ERROR;
				GCC_WARN_UNDECLARED_SELECTOR = YES;
				GCC_WARN_UNINITIALIZED_AUTOS = YES_AGGRESSIVE;
				GCC_WARN_UNUSED_FUNCTION = YES;
				GCC_WARN_UNUSED_VARIABLE = YES;
				MACOSX_DEPLOYMENT_TARGET = 10.14;
				MTL_ENABLE_DEBUG_INFO = NO;
				MTL_FAST_MATH = YES;
				SDKROOT = macosx;
			};
			name = Release;
		};
		DA65056725431ADC00076375 /* Debug */ = {
			isa = XCBuildConfiguration;
			buildSettings = {
				CODE_SIGN_STYLE = Automatic;
				HEADER_SEARCH_PATHS = (
					"$(glew_header)",
					"$(glfw_header)",
					/usr/local/include,
				);
				LIBRARY_SEARCH_PATHS = (
					"$(glew_lib)",
					"$(glfw_lib)",
					/usr/local/Cellar/glew/2.1.0_1/lib,
					/usr/local/Cellar/glfw/3.3.2/lib,
				);
				PRODUCT_NAME = "$(TARGET_NAME)";
			};
			name = Debug;
		};
		DA65056825431ADC00076375 /* Release */ = {
			isa = XCBuildConfiguration;
			buildSettings = {
				CODE_SIGN_STYLE = Automatic;
				HEADER_SEARCH_PATHS = (
					"$(glew_header)",
					"$(glfw_header)",
					/usr/local/include,
				);
				LIBRARY_SEARCH_PATHS = (
					"$(glew_lib)",
					"$(glfw_lib)",
					/usr/local/Cellar/glew/2.1.0_1/lib,
					/usr/local/Cellar/glfw/3.3.2/lib,
				);
				PRODUCT_NAME = "$(TARGET_NAME)";
			};
			name = Release;
		};
/* End XCBuildConfiguration section */

/* Begin XCConfigurationList section */
		DA65055A25431ADC00076375 /* Build configuration list for PBXProject "LClearnOpengl" */ = {
			isa = XCConfigurationList;
			buildConfigurations = (
				DA65056425431ADC00076375 /* Debug */,
				DA65056525431ADC00076375 /* Release */,
			);
			defaultConfigurationIsVisible = 0;
			defaultConfigurationName = Release;
		};
		DA65056625431ADC00076375 /* Build configuration list for PBXNativeTarget "LClearnOpengl" */ = {
			isa = XCConfigurationList;
			buildConfigurations = (
				DA65056725431ADC00076375 /* Debug */,
				DA65056825431ADC00076375 /* Release */,
			);
			defaultConfigurationIsVisible = 0;
			defaultConfigurationName = Release;
		};
/* End XCConfigurationList section */
	};
	rootObject = DA65055725431ADC00076375 /* Project object */;
}
